
Microsoft Visual Studio Solution File, Format Version 12.00
# Visual Studio Version 17
VisualStudioVersion = 17.14.36301.6 d17.14
MinimumVisualStudioVersion = 10.0.40219.1
Project("{FAE04EC0-301F-11D3-BF4B-00C04F79EFBC}") = "ASU Dorms Management System.api", "ASU Dorms Management System\ASU Dorms Management System.api.csproj", "{054EE6FC-56A1-4B99-8651-8ECB70C6FCFE}"
EndProject
Project("{FAE04EC0-301F-11D3-BF4B-00C04F79EFBC}") = "ASUDorms.Domain", "ASUDorms.Domain\ASUDorms.Domain.csproj", "{4E14D0EF-D278-4AED-9C0A-6745B07003A0}"
EndProject
Project("{FAE04EC0-301F-11D3-BF4B-00C04F79EFBC}") = "ASUDorms.Application", "ASUDorms.Application\ASUDorms.Application.csproj", "{F309DE92-469F-432A-BEA7-54B70BFE762A}"
EndProject
Project("{FAE04EC0-301F-11D3-BF4B-00C04F79EFBC}") = "ASUDorms.Infrastructure", "ASUDorms.Infrastructure\ASUDorms.Infrastructure.csproj", "{8F731E37-2E38-4310-8819-267C74BCA15B}"
EndProject
Global
	GlobalSection(SolutionConfigurationPlatforms) = preSolution
		Debug|Any CPU = Debug|Any CPU
		Release|Any CPU = Release|Any CPU
	EndGlobalSection
	GlobalSection(ProjectConfigurationPlatforms) = postSolution
		{054EE6FC-56A1-4B99-8651-8ECB70C6FCFE}.Debug|Any CPU.ActiveCfg = Debug|Any CPU
		{054EE6FC-56A1-4B99-8651-8ECB70C6FCFE}.Debug|Any CPU.Build.0 = Debug|Any CPU
		{054EE6FC-56A1-4B99-8651-8ECB70C6FCFE}.Release|Any CPU.ActiveCfg = Release|Any CPU
		{054EE6FC-56A1-4B99-8651-8ECB70C6FCFE}.Release|Any CPU.Build.0 = Release|Any CPU
		{4E14D0EF-D278-4AED-9C0A-6745B07003A0}.Debug|Any CPU.ActiveCfg = Debug|Any CPU
		{4E14D0EF-D278-4AED-9C0A-6745B07003A0}.Debug|Any CPU.Build.0 = Debug|Any CPU
		{4E14D0EF-D278-4AED-9C0A-6745B07003A0}.Release|Any CPU.ActiveCfg = Release|Any CPU
		{4E14D0EF-D278-4AED-9C0A-6745B07003A0}.Release|Any CPU.Build.0 = Release|Any CPU
		{F309DE92-469F-432A-BEA7-54B70BFE762A}.Debug|Any CPU.ActiveCfg = Debug|Any CPU
		{F309DE92-469F-432A-BEA7-54B70BFE762A}.Debug|Any CPU.Build.0 = Debug|Any CPU
		{F309DE92-469F-432A-BEA7-54B70BFE762A}.Release|Any CPU.ActiveCfg = Release|Any CPU
		{F309DE92-469F-432A-BEA7-54B70BFE762A}.Release|Any CPU.Build.0 = Release|Any CPU
		{8F731E37-2E38-4310-8819-267C74BCA15B}.Debug|Any CPU.ActiveCfg = Debug|Any CPU
		{8F731E37-2E38-4310-8819-267C74BCA15B}.Debug|Any CPU.Build.0 = Debug|Any CPU
		{8F731E37-2E38-4310-8819-267C74BCA15B}.Release|Any CPU.ActiveCfg = Release|Any CPU
		{8F731E37-2E38-4310-8819-267C74BCA15B}.Release|Any CPU.Build.0 = Release|Any CPU
	EndGlobalSection
	GlobalSection(SolutionProperties) = preSolution
		HideSolutionNode = FALSE
	EndGlobalSection
	GlobalSection(ExtensibilityGlobals) = postSolution
		SolutionGuid = {85FD7328-EEE0-4F78-BDBB-FD9C7ABA915C}
	EndGlobalSection
EndGlobal
